
Microsoft Visual Studio Solution File, Format Version 12.00
# Visual Studio Version 17
VisualStudioVersion = 17.8.34330.188
MinimumVisualStudioVersion = 10.0.40219.1
Project("{FAE04EC0-301F-11D3-BF4B-00C04F79EFBC}") = "DiceRoller", "DiceRoller\DiceRoller.csproj", "{98869E09-5CC2-48EF-B8CE-E124A300552B}"
EndProject
Global
	GlobalSection(SolutionConfigurationPlatforms) = preSolution
		Debug|Any CPU = Debug|Any CPU
		Release|Any CPU = Release|Any CPU
	EndGlobalSection
	GlobalSection(ProjectConfigurationPlatforms) = postSolution
		{98869E09-5CC2-48EF-B8CE-E124A300552B}.Debug|Any CPU.ActiveCfg = Debug|Any CPU
		{98869E09-5CC2-48EF-B8CE-E124A300552B}.Debug|Any CPU.Build.0 = Debug|Any CPU
		{98869E09-5CC2-48EF-B8CE-E124A300552B}.Debug|Any CPU.Deploy.0 = Debug|Any CPU
		{98869E09-5CC2-48EF-B8CE-E124A300552B}.Release|Any CPU.ActiveCfg = Release|Any CPU
		{98869E09-5CC2-48EF-B8CE-E124A300552B}.Release|Any CPU.Build.0 = Release|Any CPU
		{98869E09-5CC2-48EF-B8CE-E124A300552B}.Release|Any CPU.Deploy.0 = Release|Any CPU
	EndGlobalSection
	GlobalSection(SolutionProperties) = preSolution
		HideSolutionNode = FALSE
	EndGlobalSection
	GlobalSection(ExtensibilityGlobals) = postSolution
		SolutionGuid = {6EA76ED4-D076-423E-8AC3-0ABAC7DFB991}
	EndGlobalSection
EndGlobal
